{
  "name": "level-3.2",
  "version": "1.0.0",
  "lockfileVersion": 1,
  "requires": true,
  "dependencies": {
    "ajyal-greet": {
      "version": "1.0.0",
      "resolved": "https://registry.npmjs.org/ajyal-greet/-/ajyal-greet-1.0.0.tgz",
      "integrity": "sha512-5AMLIqKTDd/F0BMZs41sMdsmXWUS6WxBBHunan2DQUcAlx7ibgVXezQNkIyvPlv2nb7gzEa/gswsQlrKYD55bA=="
    },
    "lodash": {
      "version": "4.17.21",
      "resolved": "https://registry.npmjs.org/lodash/-/lodash-4.17.21.tgz",
      "integrity": "sha512-v2kDEe57lecTulaDIuNTPy3Ry4gLGJ6Z1O3vE1krgXZNrsQ+LFTGHVxVjcXPs17LhbZVGedAJv8XZ1tvj5FvSg=="
    }
  }
}
